{
  "name": "advents-of-code",
  "version": "1.0.0",
  "lockfileVersion": 2,
  "requires": true,
  "packages": {
    "": {
      "name": "advents-of-code",
      "version": "1.0.0",
      "license": "MIT",
      "devDependencies": {
        "prettier": "3.4.1",
        "simple-git-hooks": "2.11.1",
        "typescript": "5.7.2"
      }
    },
    "node_modules/prettier": {
      "version": "3.4.1",
      "resolved": "https://registry.npmjs.org/prettier/-/prettier-3.4.1.tgz",
      "integrity": "sha512-G+YdqtITVZmOJje6QkXQWzl3fSfMxFwm1tjTyo9exhkmWSqC4Yhd1+lug++IlR2mvRVAxEDDWYkQdeSztajqgg==",
      "dev": true,
      "bin": {
        "prettier": "bin/prettier.cjs"
      },
      "engines": {
        "node": ">=14"
      },
      "funding": {
        "url": "https://github.com/prettier/prettier?sponsor=1"
      }
    },
    "node_modules/simple-git-hooks": {
      "version": "2.11.1",
      "resolved": "https://registry.npmjs.org/simple-git-hooks/-/simple-git-hooks-2.11.1.tgz",
      "integrity": "sha512-tgqwPUMDcNDhuf1Xf6KTUsyeqGdgKMhzaH4PAZZuzguOgTl5uuyeYe/8mWgAr6IBxB5V06uqEf6Dy37gIWDtDg==",
      "dev": true,
      "hasInstallScript": true,
      "bin": {
        "simple-git-hooks": "cli.js"
      }
    },
    "node_modules/typescript": {
      "version": "5.7.2",
      "resolved": "https://registry.npmjs.org/typescript/-/typescript-5.7.2.tgz",
      "integrity": "sha512-i5t66RHxDvVN40HfDd1PsEThGNnlMCMT3jMUuoh9/0TaqWevNontacunWyN02LA9/fIbEWlcHZcgTKb9QoaLfg==",
      "dev": true,
      "bin": {
        "tsc": "bin/tsc",
        "tsserver": "bin/tsserver"
      },
      "engines": {
        "node": ">=14.17"
      }
    }
  },
  "dependencies": {
    "prettier": {
      "version": "3.4.1",
      "resolved": "https://registry.npmjs.org/prettier/-/prettier-3.4.1.tgz",
      "integrity": "sha512-G+YdqtITVZmOJje6QkXQWzl3fSfMxFwm1tjTyo9exhkmWSqC4Yhd1+lug++IlR2mvRVAxEDDWYkQdeSztajqgg==",
      "dev": true
    },
    "simple-git-hooks": {
      "version": "2.11.1",
      "resolved": "https://registry.npmjs.org/simple-git-hooks/-/simple-git-hooks-2.11.1.tgz",
      "integrity": "sha512-tgqwPUMDcNDhuf1Xf6KTUsyeqGdgKMhzaH4PAZZuzguOgTl5uuyeYe/8mWgAr6IBxB5V06uqEf6Dy37gIWDtDg==",
      "dev": true
    },
    "typescript": {
      "version": "5.7.2",
      "resolved": "https://registry.npmjs.org/typescript/-/typescript-5.7.2.tgz",
      "integrity": "sha512-i5t66RHxDvVN40HfDd1PsEThGNnlMCMT3jMUuoh9/0TaqWevNontacunWyN02LA9/fIbEWlcHZcgTKb9QoaLfg==",
      "dev": true
    }
  }
}
